
Microsoft Visual Studio Solution File, Format Version 12.00
# Visual Studio 14
VisualStudioVersion = 14.0.23107.0
MinimumVisualStudioVersion = 10.0.40219.1
Project("{FAE04EC0-301F-11D3-BF4B-00C04F79EFBC}") = "SSAcademy", "SSAcademy\SSAcademy.csproj", "{6377289C-59E6-4E9F-B8CC-430B21F997A4}"
EndProject
Project("{FAE04EC0-301F-11D3-BF4B-00C04F79EFBC}") = "SSAcademy_DbHelper", "SSAcademy_DbHelper\SSAcademy_DbHelper.csproj", "{23EE94D2-7E95-48D5-9667-89DA022F3E0A}"
EndProject
Project("{FAE04EC0-301F-11D3-BF4B-00C04F79EFBC}") = "Tester", "Tester\Tester.csproj", "{B5D115EB-BBFB-4B72-86F2-EA61DE1BC741}"
EndProject
Global
	GlobalSection(SolutionConfigurationPlatforms) = preSolution
		Debug|Any CPU = Debug|Any CPU
		Release|Any CPU = Release|Any CPU
	EndGlobalSection
	GlobalSection(ProjectConfigurationPlatforms) = postSolution
		{6377289C-59E6-4E9F-B8CC-430B21F997A4}.Debug|Any CPU.ActiveCfg = Debug|Any CPU
		{6377289C-59E6-4E9F-B8CC-430B21F997A4}.Debug|Any CPU.Build.0 = Debug|Any CPU
		{6377289C-59E6-4E9F-B8CC-430B21F997A4}.Release|Any CPU.ActiveCfg = Release|Any CPU
		{6377289C-59E6-4E9F-B8CC-430B21F997A4}.Release|Any CPU.Build.0 = Release|Any CPU
		{23EE94D2-7E95-48D5-9667-89DA022F3E0A}.Debug|Any CPU.ActiveCfg = Debug|Any CPU
		{23EE94D2-7E95-48D5-9667-89DA022F3E0A}.Debug|Any CPU.Build.0 = Debug|Any CPU
		{23EE94D2-7E95-48D5-9667-89DA022F3E0A}.Release|Any CPU.ActiveCfg = Release|Any CPU
		{23EE94D2-7E95-48D5-9667-89DA022F3E0A}.Release|Any CPU.Build.0 = Release|Any CPU
		{B5D115EB-BBFB-4B72-86F2-EA61DE1BC741}.Debug|Any CPU.ActiveCfg = Debug|Any CPU
		{B5D115EB-BBFB-4B72-86F2-EA61DE1BC741}.Debug|Any CPU.Build.0 = Debug|Any CPU
		{B5D115EB-BBFB-4B72-86F2-EA61DE1BC741}.Release|Any CPU.ActiveCfg = Release|Any CPU
		{B5D115EB-BBFB-4B72-86F2-EA61DE1BC741}.Release|Any CPU.Build.0 = Release|Any CPU
	EndGlobalSection
	GlobalSection(SolutionProperties) = preSolution
		HideSolutionNode = FALSE
	EndGlobalSection
EndGlobal
